Microsoft Visual Studio Solution File, Format Version 12.00
# Visual Studio Version 17
VisualStudioVersion = 17.0.31903.59
MinimumVisualStudioVersion = 10.0.40219.1
Project("{2150E333-8FDC-42A3-9474-1A3956D46DE8}") = "src", "src", "{A1B2C3D4-E5F6-7890-ABCD-EF1234567890}"
EndProject
Project("{FAE04EC0-301F-11D3-BF4B-00C04F79EFBC}") = "Calculator", "src\Calculator\Calculator.csproj", "{12345678-1234-1234-1234-123456789012}"
EndProject
Project("{2150E333-8FDC-42A3-9474-1A3956D46DE8}") = "tests", "tests", "{98765432-9876-5432-1098-765432109876}"
EndProject
Project("{FAE04EC0-301F-11D3-BF4B-00C04F79EFBC}") = "Calculator.Tests", "tests\Calculator.Tests\Calculator.Tests.csproj", "{ABCDEF12-ABCD-ABCD-ABCD-ABCDEFABCDEF}"
EndProject
Global
	GlobalSection(SolutionConfigurationPlatforms) = preSolution
		Debug|Any CPU = Debug|Any CPU
		Debug|x64 = Debug|x64
		Debug|x86 = Debug|x86
		Release|Any CPU = Release|Any CPU
		Release|x64 = Release|x64
		Release|x86 = Release|x86
	EndGlobalSection
	GlobalSection(ProjectConfigurationPlatforms) = postSolution
		{12345678-1234-1234-1234-123456789012}.Debug|Any CPU.ActiveCfg = Debug|Any CPU
		{12345678-1234-1234-1234-123456789012}.Debug|Any CPU.Build.0 = Debug|Any CPU
		{12345678-1234-1234-1234-123456789012}.Debug|x64.ActiveCfg = Debug|Any CPU
		{12345678-1234-1234-1234-123456789012}.Debug|x64.Build.0 = Debug|Any CPU
		{12345678-1234-1234-1234-123456789012}.Debug|x86.ActiveCfg = Debug|Any CPU
		{12345678-1234-1234-1234-123456789012}.Debug|x86.Build.0 = Debug|Any CPU
		{12345678-1234-1234-1234-123456789012}.Release|Any CPU.ActiveCfg = Release|Any CPU
		{12345678-1234-1234-1234-123456789012}.Release|Any CPU.Build.0 = Release|Any CPU
		{12345678-1234-1234-1234-123456789012}.Release|x64.ActiveCfg = Release|Any CPU
		{12345678-1234-1234-1234-123456789012}.Release|x64.Build.0 = Release|Any CPU
		{12345678-1234-1234-1234-123456789012}.Release|x86.ActiveCfg = Release|Any CPU
		{12345678-1234-1234-1234-123456789012}.Release|x86.Build.0 = Release|Any CPU
		{ABCDEF12-ABCD-ABCD-ABCD-ABCDEFABCDEF}.Debug|Any CPU.ActiveCfg = Debug|Any CPU
		{ABCDEF12-ABCD-ABCD-ABCD-ABCDEFABCDEF}.Debug|Any CPU.Build.0 = Debug|Any CPU
		{ABCDEF12-ABCD-ABCD-ABCD-ABCDEFABCDEF}.Debug|x64.ActiveCfg = Debug|Any CPU
		{ABCDEF12-ABCD-ABCD-ABCD-ABCDEFABCDEF}.Debug|x64.Build.0 = Debug|Any CPU
		{ABCDEF12-ABCD-ABCD-ABCD-ABCDEFABCDEF}.Debug|x86.ActiveCfg = Debug|Any CPU
		{ABCDEF12-ABCD-ABCD-ABCD-ABCDEFABCDEF}.Debug|x86.Build.0 = Debug|Any CPU
		{ABCDEF12-ABCD-ABCD-ABCD-ABCDEFABCDEF}.Release|Any CPU.ActiveCfg = Release|Any CPU
		{ABCDEF12-ABCD-ABCD-ABCD-ABCDEFABCDEF}.Release|Any CPU.Build.0 = Release|Any CPU
		{ABCDEF12-ABCD-ABCD-ABCD-ABCDEFABCDEF}.Release|x64.ActiveCfg = Release|Any CPU
		{ABCDEF12-ABCD-ABCD-ABCD-ABCDEFABCDEF}.Release|x64.Build.0 = Release|Any CPU
		{ABCDEF12-ABCD-ABCD-ABCD-ABCDEFABCDEF}.Release|x86.ActiveCfg = Release|Any CPU
		{ABCDEF12-ABCD-ABCD-ABCD-ABCDEFABCDEF}.Release|x86.Build.0 = Release|Any CPU
	EndGlobalSection
	GlobalSection(SolutionProperties) = preSolution
		HideSolutionNode = FALSE
	EndGlobalSection
	GlobalSection(NestedProjects) = preSolution
		{12345678-1234-1234-1234-123456789012} = {A1B2C3D4-E5F6-7890-ABCD-EF1234567890}
		{ABCDEF12-ABCD-ABCD-ABCD-ABCDEFABCDEF} = {98765432-9876-5432-1098-765432109876}
	EndGlobalSection
EndGlobal